
Microsoft Visual Studio Solution File, Format Version 12.00
# Visual Studio Version 17
VisualStudioVersion = 17.5.33530.505
MinimumVisualStudioVersion = 10.0.40219.1
Project("{FAE04EC0-301F-11D3-BF4B-00C04F79EFBC}") = "Collection", "Collection\Collection.csproj", "{3C6401F0-F0D3-4448-9E0D-69168B65D3B2}"
EndProject
Global
	GlobalSection(SolutionConfigurationPlatforms) = preSolution
		Debug|Any CPU = Debug|Any CPU
		Release|Any CPU = Release|Any CPU
	EndGlobalSection
	GlobalSection(ProjectConfigurationPlatforms) = postSolution
		{3C6401F0-F0D3-4448-9E0D-69168B65D3B2}.Debug|Any CPU.ActiveCfg = Debug|Any CPU
		{3C6401F0-F0D3-4448-9E0D-69168B65D3B2}.Debug|Any CPU.Build.0 = Debug|Any CPU
		{3C6401F0-F0D3-4448-9E0D-69168B65D3B2}.Release|Any CPU.ActiveCfg = Release|Any CPU
		{3C6401F0-F0D3-4448-9E0D-69168B65D3B2}.Release|Any CPU.Build.0 = Release|Any CPU
	EndGlobalSection
	GlobalSection(SolutionProperties) = preSolution
		HideSolutionNode = FALSE
	EndGlobalSection
	GlobalSection(ExtensibilityGlobals) = postSolution
		SolutionGuid = {4B095D2D-94A6-4F2D-88F3-25B69C0ABB5E}
	EndGlobalSection
EndGlobal
